
Microsoft Visual Studio Solution File, Format Version 12.00
# Visual Studio Version 17
VisualStudioVersion = 17.11.35327.3
MinimumVisualStudioVersion = 10.0.40219.1
Project("{9A19103F-16F7-4668-BE54-9A1E7A4F7556}") = "Practic", "Practic.csproj", "{074B4D0A-DFA4-4378-96BE-DB933BA3A650}"
EndProject
Global
	GlobalSection(SolutionConfigurationPlatforms) = preSolution
		Debug|Any CPU = Debug|Any CPU
		Release|Any CPU = Release|Any CPU
	EndGlobalSection
	GlobalSection(ProjectConfigurationPlatforms) = postSolution
		{074B4D0A-DFA4-4378-96BE-DB933BA3A650}.Debug|Any CPU.ActiveCfg = Debug|Any CPU
		{074B4D0A-DFA4-4378-96BE-DB933BA3A650}.Debug|Any CPU.Build.0 = Debug|Any CPU
		{074B4D0A-DFA4-4378-96BE-DB933BA3A650}.Release|Any CPU.ActiveCfg = Release|Any CPU
		{074B4D0A-DFA4-4378-96BE-DB933BA3A650}.Release|Any CPU.Build.0 = Release|Any CPU
	EndGlobalSection
	GlobalSection(SolutionProperties) = preSolution
		HideSolutionNode = FALSE
	EndGlobalSection
	GlobalSection(ExtensibilityGlobals) = postSolution
		SolutionGuid = {43E77AED-33C1-4C3C-B46D-4AFEB147AA26}
	EndGlobalSection
EndGlobal
