
Microsoft Visual Studio Solution File, Format Version 12.00
# Visual Studio Version 17
VisualStudioVersion = 17.11.35327.3
MinimumVisualStudioVersion = 10.0.40219.1
Project("{9A19103F-16F7-4668-BE54-9A1E7A4F7556}") = "AlegeLitere", "AlegeLitere.csproj", "{1ACD586E-4FC7-46EA-BDE5-8E95B4FF860E}"
EndProject
Global
	GlobalSection(SolutionConfigurationPlatforms) = preSolution
		Debug|Any CPU = Debug|Any CPU
		Release|Any CPU = Release|Any CPU
	EndGlobalSection
	GlobalSection(ProjectConfigurationPlatforms) = postSolution
		{1ACD586E-4FC7-46EA-BDE5-8E95B4FF860E}.Debug|Any CPU.ActiveCfg = Debug|Any CPU
		{1ACD586E-4FC7-46EA-BDE5-8E95B4FF860E}.Debug|Any CPU.Build.0 = Debug|Any CPU
		{1ACD586E-4FC7-46EA-BDE5-8E95B4FF860E}.Release|Any CPU.ActiveCfg = Release|Any CPU
		{1ACD586E-4FC7-46EA-BDE5-8E95B4FF860E}.Release|Any CPU.Build.0 = Release|Any CPU
	EndGlobalSection
	GlobalSection(SolutionProperties) = preSolution
		HideSolutionNode = FALSE
	EndGlobalSection
	GlobalSection(ExtensibilityGlobals) = postSolution
		SolutionGuid = {A572D080-59A4-4E61-A3CF-78410B1CD3C2}
	EndGlobalSection
EndGlobal
